// !$*UTF8*$!
{
	archiveVersion = 1;
	classes = {
	};
	objectVersion = 48;
	objects = {

/* Begin PBXBuildFile section */
		4B108222209301500013B207 /* SharkORM.framework in Frameworks */ = {isa = PBXBuildFile; fileRef = 4B108221209301500013B207 /* SharkORM.framework */; };
		4B1082242093042A0013B207 /* SharkORM.framework in Embed Frameworks */ = {isa = PBXBuildFile; fileRef = 4B108221209301500013B207 /* SharkORM.framework */; settings = {ATTRIBUTES = (CodeSignOnCopy, RemoveHeadersOnCopy, ); }; };
		4B178F1E2091E3310086D8C1 /* AppDelegate.swift in Sources */ = {isa = PBXBuildFile; fileRef = 4B178F1D2091E3310086D8C1 /* AppDelegate.swift */; };
		4B178F202091E3310086D8C1 /* ViewController.swift in Sources */ = {isa = PBXBuildFile; fileRef = 4B178F1F2091E3310086D8C1 /* ViewController.swift */; };
		4B178F232091E3310086D8C1 /* Main.storyboard in Resources */ = {isa = PBXBuildFile; fileRef = 4B178F212091E3310086D8C1 /* Main.storyboard */; };
		4B178F252091E3310086D8C1 /* Assets.xcassets in Resources */ = {isa = PBXBuildFile; fileRef = 4B178F242091E3310086D8C1 /* Assets.xcassets */; };
		4B178F282091E3310086D8C1 /* LaunchScreen.storyboard in Resources */ = {isa = PBXBuildFile; fileRef = 4B178F262091E3310086D8C1 /* LaunchScreen.storyboard */; };
		4B178F302091E3F10086D8C1 /* Employee.swift in Sources */ = {isa = PBXBuildFile; fileRef = 4B178F2F2091E3F10086D8C1 /* Employee.swift */; };
/* End PBXBuildFile section */

/* Begin PBXCopyFilesBuildPhase section */
		4B23A32520920D44003944D9 /* Embed Frameworks */ = {
			isa = PBXCopyFilesBuildPhase;
			buildActionMask = 2147483647;
			dstPath = "";
			dstSubfolderSpec = 10;
			files = (
				4B1082242093042A0013B207 /* SharkORM.framework in Embed Frameworks */,
			);
			name = "Embed Frameworks";
			runOnlyForDeploymentPostprocessing = 0;
		};
/* End PBXCopyFilesBuildPhase section */

/* Begin PBXFileReference section */
		4B108221209301500013B207 /* SharkORM.framework */ = {isa = PBXFileReference; lastKnownFileType = wrapper.framework; name = SharkORM.framework; path = Carthage/Build/iOS/SharkORM.framework; sourceTree = "<group>"; };
		4B178F1A2091E3310086D8C1 /* SharkORM-Sample.app */ = {isa = PBXFileReference; explicitFileType = wrapper.application; includeInIndex = 0; path = "SharkORM-Sample.app"; sourceTree = BUILT_PRODUCTS_DIR; };
		4B178F1D2091E3310086D8C1 /* AppDelegate.swift */ = {isa = PBXFileReference; lastKnownFileType = sourcecode.swift; path = AppDelegate.swift; sourceTree = "<group>"; };
		4B178F1F2091E3310086D8C1 /* ViewController.swift */ = {isa = PBXFileReference; lastKnownFileType = sourcecode.swift; path = ViewController.swift; sourceTree = "<group>"; };
		4B178F222091E3310086D8C1 /* Base */ = {isa = PBXFileReference; lastKnownFileType = file.storyboard; name = Base; path = Base.lproj/Main.storyboard; sourceTree = "<group>"; };
		4B178F242091E3310086D8C1 /* Assets.xcassets */ = {isa = PBXFileReference; lastKnownFileType = folder.assetcatalog; path = Assets.xcassets; sourceTree = "<group>"; };
		4B178F272091E3310086D8C1 /* Base */ = {isa = PBXFileReference; lastKnownFileType = file.storyboard; name = Base; path = Base.lproj/LaunchScreen.storyboard; sourceTree = "<group>"; };
		4B178F292091E3310086D8C1 /* Info.plist */ = {isa = PBXFileReference; lastKnownFileType = text.plist.xml; path = Info.plist; sourceTree = "<group>"; };
		4B178F2F2091E3F10086D8C1 /* Employee.swift */ = {isa = PBXFileReference; lastKnownFileType = sourcecode.swift; path = Employee.swift; sourceTree = "<group>"; };
/* End PBXFileReference section */

/* Begin PBXFrameworksBuildPhase section */
		4B178F172091E3310086D8C1 /* Frameworks */ = {
			isa = PBXFrameworksBuildPhase;
			buildActionMask = 2147483647;
			files = (
				4B108222209301500013B207 /* SharkORM.framework in Frameworks */,
			);
			runOnlyForDeploymentPostprocessing = 0;
		};
/* End PBXFrameworksBuildPhase section */

/* Begin PBXGroup section */
		4B178F112091E3310086D8C1 = {
			isa = PBXGroup;
			children = (
				4B178F1C2091E3310086D8C1 /* SharkORM-Sample */,
				4B178F1B2091E3310086D8C1 /* Products */,
				EA97201C5C710F5BABF77832 /* Frameworks */,
			);
			sourceTree = "<group>";
		};
		4B178F1B2091E3310086D8C1 /* Products */ = {
			isa = PBXGroup;
			children = (
				4B178F1A2091E3310086D8C1 /* SharkORM-Sample.app */,
			);
			name = Products;
			sourceTree = "<group>";
		};
		4B178F1C2091E3310086D8C1 /* SharkORM-Sample */ = {
			isa = PBXGroup;
			children = (
				4B178F1D2091E3310086D8C1 /* AppDelegate.swift */,
				4B178F1F2091E3310086D8C1 /* ViewController.swift */,
				4B178F212091E3310086D8C1 /* Main.storyboard */,
				4B178F242091E3310086D8C1 /* Assets.xcassets */,
				4B178F262091E3310086D8C1 /* LaunchScreen.storyboard */,
				4B178F292091E3310086D8C1 /* Info.plist */,
				4B178F2F2091E3F10086D8C1 /* Employee.swift */,
			);
			path = "SharkORM-Sample";
			sourceTree = "<group>";
		};
		EA97201C5C710F5BABF77832 /* Frameworks */ = {
			isa = PBXGroup;
			children = (
				4B108221209301500013B207 /* SharkORM.framework */,
			);
			name = Frameworks;
			sourceTree = "<group>";
		};
/* End PBXGroup section */

/* Begin PBXNativeTarget section */
		4B178F192091E3310086D8C1 /* SharkORM-Sample */ = {
			isa = PBXNativeTarget;
			buildConfigurationList = 4B178F2C2091E3310086D8C1 /* Build configuration list for PBXNativeTarget "SharkORM-Sample" */;
			buildPhases = (
				4B178F162091E3310086D8C1 /* Sources */,
				4B178F172091E3310086D8C1 /* Frameworks */,
				4B178F182091E3310086D8C1 /* Resources */,
				4B23A32520920D44003944D9 /* Embed Frameworks */,
			);
			buildRules = (
			);
			dependencies = (
			);
			name = "SharkORM-Sample";
			productName = "SharkORM-Sample";
			productReference = 4B178F1A2091E3310086D8C1 /* SharkORM-Sample.app */;
			productType = "com.apple.product-type.application";
		};
/* End PBXNativeTarget section */

/* Begin PBXProject section */
		4B178F122091E3310086D8C1 /* Project object */ = {
			isa = PBXProject;
			attributes = {
				LastSwiftUpdateCheck = 0900;
				LastUpgradeCheck = 0900;
				ORGANIZATIONNAME = RapidBizApps;
				TargetAttributes = {
					4B178F192091E3310086D8C1 = {
						CreatedOnToolsVersion = 9.0;
						ProvisioningStyle = Automatic;
					};
				};
			};
			buildConfigurationList = 4B178F152091E3310086D8C1 /* Build configuration list for PBXProject "SharkORM-Sample" */;
			compatibilityVersion = "Xcode 8.0";
			developmentRegion = en;
			hasScannedForEncodings = 0;
			knownRegions = (
				en,
				Base,
			);
			mainGroup = 4B178F112091E3310086D8C1;
			productRefGroup = 4B178F1B2091E3310086D8C1 /* Products */;
			projectDirPath = "";
			projectRoot = "";
			targets = (
				4B178F192091E3310086D8C1 /* SharkORM-Sample */,
			);
		};
/* End PBXProject section */

/* Begin PBXResourcesBuildPhase section */
		4B178F182091E3310086D8C1 /* Resources */ = {
			isa = PBXResourcesBuildPhase;
			buildActionMask = 2147483647;
			files = (
				4B178F282091E3310086D8C1 /* LaunchScreen.storyboard in Resources */,
				4B178F252091E3310086D8C1 /* Assets.xcassets in Resources */,
				4B178F232091E3310086D8C1 /* Main.storyboard in Resources */,
			);
			runOnlyForDeploymentPostprocessing = 0;
		};
/* End PBXResourcesBuildPhase section */

/* Begin PBXSourcesBuildPhase section */
		4B178F162091E3310086D8C1 /* Sources */ = {
			isa = PBXSourcesBuildPhase;
			buildActionMask = 2147483647;
			files = (
				4B178F202091E3310086D8C1 /* ViewController.swift in Sources */,
				4B178F302091E3F10086D8C1 /* Employee.swift in Sources */,
				4B178F1E2091E3310086D8C1 /* AppDelegate.swift in Sources */,
			);
			runOnlyForDeploymentPostprocessing = 0;
		};
/* End PBXSourcesBuildPhase section */

/* Begin PBXVariantGroup section */
		4B178F212091E3310086D8C1 /* Main.storyboard */ = {
			isa = PBXVariantGroup;
			children = (
				4B178F222091E3310086D8C1 /* Base */,
			);
			name = Main.storyboard;
			sourceTree = "<group>";
		};
		4B178F262091E3310086D8C1 /* LaunchScreen.storyboard */ = {
			isa = PBXVariantGroup;
			children = (
				4B178F272091E3310086D8C1 /* Base */,
			);
			name = LaunchScreen.storyboard;
			sourceTree = "<group>";
		};
/* End PBXVariantGroup section */

/* Begin XCBuildConfiguration section */
		4B178F2A2091E3310086D8C1 /* Debug */ = {
			isa = XCBuildConfiguration;
			buildSettings = {
				ALWAYS_SEARCH_USER_PATHS = NO;
				CLANG_ANALYZER_NONNULL = YES;
				CLANG_ANALYZER_NUMBER_OBJECT_CONVERSION = YES_AGGRESSIVE;
				CLANG_CXX_LANGUAGE_STANDARD = "gnu++14";
				CLANG_CXX_LIBRARY = "libc++";
				CLANG_ENABLE_MODULES = YES;
				CLANG_ENABLE_OBJC_ARC = YES;
				CLANG_WARN_BLOCK_CAPTURE_AUTORELEASING = YES;
				CLANG_WARN_BOOL_CONVERSION = YES;
				CLANG_WARN_COMMA = YES;
				CLANG_WARN_CONSTANT_CONVERSION = YES;
				CLANG_WARN_DIRECT_OBJC_ISA_USAGE = YES_ERROR;
				CLANG_WARN_DOCUMENTATION_COMMENTS = YES;
				CLANG_WARN_EMPTY_BODY = YES;
				CLANG_WARN_ENUM_CONVERSION = YES;
				CLANG_WARN_INFINITE_RECURSION = YES;
				CLANG_WARN_INT_CONVERSION = YES;
				CLANG_WARN_NON_LITERAL_NULL_CONVERSION = YES;
				CLANG_WARN_OBJC_LITERAL_CONVERSION = YES;
				CLANG_WARN_OBJC_ROOT_CLASS = YES_ERROR;
				CLANG_WARN_RANGE_LOOP_ANALYSIS = YES;
				CLANG_WARN_STRICT_PROTOTYPES = YES;
				CLANG_WARN_SUSPICIOUS_MOVE = YES;
				CLANG_WARN_UNGUARDED_AVAILABILITY = YES_AGGRESSIVE;
				CLANG_WARN_UNREACHABLE_CODE = YES;
				CLANG_WARN__DUPLICATE_METHOD_MATCH = YES;
				CODE_SIGN_IDENTITY = "iPhone Developer";
				COPY_PHASE_STRIP = NO;
				DEBUG_INFORMATION_FORMAT = dwarf;
				ENABLE_STRICT_OBJC_MSGSEND = YES;
				ENABLE_TESTABILITY = YES;
				GCC_C_LANGUAGE_STANDARD = gnu11;
				GCC_DYNAMIC_NO_PIC = NO;
				GCC_NO_COMMON_BLOCKS = YES;
				GCC_OPTIMIZATION_LEVEL = 0;
				GCC_PREPROCESSOR_DEFINITIONS = (
					"DEBUG=1",
					"$(inherited)",
				);
				GCC_WARN_64_TO_32_BIT_CONVERSION = YES;
				GCC_WARN_ABOUT_RETURN_TYPE = YES_ERROR;
				GCC_WARN_UNDECLARED_SELECTOR = YES;
				GCC_WARN_UNINITIALIZED_AUTOS = YES_AGGRESSIVE;
				GCC_WARN_UNUSED_FUNCTION = YES;
				GCC_WARN_UNUSED_VARIABLE = YES;
				IPHONEOS_DEPLOYMENT_TARGET = 11.0;
				MTL_ENABLE_DEBUG_INFO = YES;
				ONLY_ACTIVE_ARCH = YES;
				SDKROOT = iphoneos;
				SWIFT_ACTIVE_COMPILATION_CONDITIONS = DEBUG;
				SWIFT_OPTIMIZATION_LEVEL = "-Onone";
			};
			name = Debug;
		};
		4B178F2B2091E3310086D8C1 /* Release */ = {
			isa = XCBuildConfiguration;
			buildSettings = {
				ALWAYS_SEARCH_USER_PATHS = NO;
				CLANG_ANALYZER_NONNULL = YES;
				CLANG_ANALYZER_NUMBER_OBJECT_CONVERSION = YES_AGGRESSIVE;
				CLANG_CXX_LANGUAGE_STANDARD = "gnu++14";
				CLANG_CXX_LIBRARY = "libc++";
				CLANG_ENABLE_MODULES = YES;
				CLANG_ENABLE_OBJC_ARC = YES;
				CLANG_WARN_BLOCK_CAPTURE_AUTORELEASING = YES;
				CLANG_WARN_BOOL_CONVERSION = YES;
				CLANG_WARN_COMMA = YES;
				CLANG_WARN_CONSTANT_CONVERSION = YES;
				CLANG_WARN_DIRECT_OBJC_ISA_USAGE = YES_ERROR;
				CLANG_WARN_DOCUMENTATION_COMMENTS = YES;
				CLANG_WARN_EMPTY_BODY = YES;
				CLANG_WARN_ENUM_CONVERSION = YES;
				CLANG_WARN_INFINITE_RECURSION = YES;
				CLANG_WARN_INT_CONVERSION = YES;
				CLANG_WARN_NON_LITERAL_NULL_CONVERSION = YES;
				CLANG_WARN_OBJC_LITERAL_CONVERSION = YES;
				CLANG_WARN_OBJC_ROOT_CLASS = YES_ERROR;
				CLANG_WARN_RANGE_LOOP_ANALYSIS = YES;
				CLANG_WARN_STRICT_PROTOTYPES = YES;
				CLANG_WARN_SUSPICIOUS_MOVE = YES;
				CLANG_WARN_UNGUARDED_AVAILABILITY = YES_AGGRESSIVE;
				CLANG_WARN_UNREACHABLE_CODE = YES;
				CLANG_WARN__DUPLICATE_METHOD_MATCH = YES;
				CODE_SIGN_IDENTITY = "iPhone Developer";
				COPY_PHASE_STRIP = NO;
				DEBUG_INFORMATION_FORMAT = "dwarf-with-dsym";
				ENABLE_NS_ASSERTIONS = NO;
				ENABLE_STRICT_OBJC_MSGSEND = YES;
				GCC_C_LANGUAGE_STANDARD = gnu11;
				GCC_NO_COMMON_BLOCKS = YES;
				GCC_WARN_64_TO_32_BIT_CONVERSION = YES;
				GCC_WARN_ABOUT_RETURN_TYPE = YES_ERROR;
				GCC_WARN_UNDECLARED_SELECTOR = YES;
				GCC_WARN_UNINITIALIZED_AUTOS = YES_AGGRESSIVE;
				GCC_WARN_UNUSED_FUNCTION = YES;
				GCC_WARN_UNUSED_VARIABLE = YES;
				IPHONEOS_DEPLOYMENT_TARGET = 11.0;
				MTL_ENABLE_DEBUG_INFO = NO;
				SDKROOT = iphoneos;
				SWIFT_OPTIMIZATION_LEVEL = "-Owholemodule";
				VALIDATE_PRODUCT = YES;
			};
			name = Release;
		};
		4B178F2D2091E3310086D8C1 /* Debug */ = {
			isa = XCBuildConfiguration;
			buildSettings = {
				ASSETCATALOG_COMPILER_APPICON_NAME = AppIcon;
				CODE_SIGN_STYLE = Automatic;
				DEVELOPMENT_TEAM = N58YAGB585;
				FRAMEWORK_SEARCH_PATHS = (
					"$(inherited)",
					"$(PROJECT_DIR)",
					"$(PROJECT_DIR)/Carthage/Build/iOS",
				);
				INFOPLIST_FILE = "SharkORM-Sample/Info.plist";
				LD_RUNPATH_SEARCH_PATHS = "$(inherited) @executable_path/Frameworks";
				PRODUCT_BUNDLE_IDENTIFIER = "com.rapidBizApps.SharkORM-Sample";
				PRODUCT_NAME = "$(TARGET_NAME)";
				SWIFT_VERSION = 4.0;
				TARGETED_DEVICE_FAMILY = "1,2";
			};
			name = Debug;
		};
		4B178F2E2091E3310086D8C1 /* Release */ = {
			isa = XCBuildConfiguration;
			buildSettings = {
				ASSETCATALOG_COMPILER_APPICON_NAME = AppIcon;
				CODE_SIGN_STYLE = Automatic;
				DEVELOPMENT_TEAM = N58YAGB585;
				FRAMEWORK_SEARCH_PATHS = (
					"$(inherited)",
					"$(PROJECT_DIR)",
					"$(PROJECT_DIR)/Carthage/Build/iOS",
				);
				INFOPLIST_FILE = "SharkORM-Sample/Info.plist";
				LD_RUNPATH_SEARCH_PATHS = "$(inherited) @executable_path/Frameworks";
				PRODUCT_BUNDLE_IDENTIFIER = "com.rapidBizApps.SharkORM-Sample";
				PRODUCT_NAME = "$(TARGET_NAME)";
				SWIFT_VERSION = 4.0;
				TARGETED_DEVICE_FAMILY = "1,2";
			};
			name = Release;
		};
/* End XCBuildConfiguration section */

/* Begin XCConfigurationList section */
		4B178F152091E3310086D8C1 /* Build configuration list for PBXProject "SharkORM-Sample" */ = {
			isa = XCConfigurationList;
			buildConfigurations = (
				4B178F2A2091E3310086D8C1 /* Debug */,
				4B178F2B2091E3310086D8C1 /* Release */,
			);
			defaultConfigurationIsVisible = 0;
			defaultConfigurationName = Release;
		};
		4B178F2C2091E3310086D8C1 /* Build configuration list for PBXNativeTarget "SharkORM-Sample" */ = {
			isa = XCConfigurationList;
			buildConfigurations = (
				4B178F2D2091E3310086D8C1 /* Debug */,
				4B178F2E2091E3310086D8C1 /* Release */,
			);
			defaultConfigurationIsVisible = 0;
			defaultConfigurationName = Release;
		};
/* End XCConfigurationList section */
	};
	rootObject = 4B178F122091E3310086D8C1 /* Project object */;
}
